
Microsoft Visual Studio Solution File, Format Version 12.00
# Visual Studio Version 17
VisualStudioVersion = 17.14.36203.30
MinimumVisualStudioVersion = 10.0.40219.1
Project("{2150E333-8FDC-42A3-9474-1A3956D46DE8}") = "src", "src", "{02EA681E-C7D8-13C7-8484-4AC65E1B71E8}"
EndProject
Project("{2150E333-8FDC-42A3-9474-1A3956D46DE8}") = "core.Package", "core.Package", "{A343AA8F-0952-4679-B7A8-EFBB5D7685BA}"
EndProject
Project("{2150E333-8FDC-42A3-9474-1A3956D46DE8}") = "SignatureProject", "SignatureProject", "{76267179-AA2F-456B-B299-DAFB6196A857}"
EndProject
Project("{FAE04EC0-301F-11D3-BF4B-00C04F79EFBC}") = "Application", "src\SignatureProject\Application\Application.csproj", "{886B78F6-A403-4605-8E8B-4758669CCA57}"
EndProject
Project("{FAE04EC0-301F-11D3-BF4B-00C04F79EFBC}") = "Domain", "src\SignatureProject\Domain\Domain.csproj", "{B8E93939-D506-434C-9D34-455ABFFBD27F}"
EndProject
Project("{FAE04EC0-301F-11D3-BF4B-00C04F79EFBC}") = "Infrastructure", "src\SignatureProject\Infrastructure\Infrastructure.csproj", "{7A1C7707-818F-414D-933B-3A03E5791642}"
EndProject
Project("{FAE04EC0-301F-11D3-BF4B-00C04F79EFBC}") = "WebApi", "src\SignatureProject\WebApi\WebApi.csproj", "{366EDAEF-3C2D-441C-A93F-7D1F72956ACC}"
EndProject
Project("{FAE04EC0-301F-11D3-BF4B-00C04F79EFBC}") = "Persistence", "src\SignatureProject\Persistence\Persistence.csproj", "{D7FDB408-D2A8-4B62-99D1-14AFB678E941}"
EndProject
Project("{FAE04EC0-301F-11D3-BF4B-00C04F79EFBC}") = "Core.Application", "src\core.Package\Core.Application\Core.Application.csproj", "{D55125A1-C2F5-A3E3-5D69-49C987F4A323}"
EndProject
Project("{FAE04EC0-301F-11D3-BF4B-00C04F79EFBC}") = "Core.CrossCuttingConcerns", "src\core.Package\Core.CrossCuttingConcerns\Core.CrossCuttingConcerns.csproj", "{C92A3EEB-1191-33BE-9828-95CE433EF636}"
EndProject
Project("{FAE04EC0-301F-11D3-BF4B-00C04F79EFBC}") = "Core.Persistence", "src\core.Package\Core.Persistence\Core.Persistence.csproj", "{76151D08-7EC9-7C2A-95BE-F0A2DFA28E8E}"
EndProject
Project("{FAE04EC0-301F-11D3-BF4B-00C04F79EFBC}") = "Core.Security", "src\core.Package\Core.Security\Core.Security.csproj", "{95022E36-CA1E-AB98-9282-498A65F105AD}"
EndProject
Project("{FAE04EC0-301F-11D3-BF4B-00C04F79EFBC}") = "Core.Localization", "src\core.Package\Core.Localization\Core.Localization.csproj", "{B55AFDCC-1EC6-408D-EBD4-7D44ED6F1D78}"
EndProject
Project("{FAE04EC0-301F-11D3-BF4B-00C04F79EFBC}") = "Core.Mailing", "src\core.Package\Core.Mailing\Core.Mailing.csproj", "{CE7B0AD7-ADB2-8875-9056-E3B4BCDE657F}"
EndProject
Global
	GlobalSection(SolutionConfigurationPlatforms) = preSolution
		Debug|Any CPU = Debug|Any CPU
		Release|Any CPU = Release|Any CPU
	EndGlobalSection
	GlobalSection(ProjectConfigurationPlatforms) = postSolution
		{886B78F6-A403-4605-8E8B-4758669CCA57}.Debug|Any CPU.ActiveCfg = Debug|Any CPU
		{886B78F6-A403-4605-8E8B-4758669CCA57}.Debug|Any CPU.Build.0 = Debug|Any CPU
		{886B78F6-A403-4605-8E8B-4758669CCA57}.Release|Any CPU.ActiveCfg = Release|Any CPU
		{886B78F6-A403-4605-8E8B-4758669CCA57}.Release|Any CPU.Build.0 = Release|Any CPU
		{B8E93939-D506-434C-9D34-455ABFFBD27F}.Debug|Any CPU.ActiveCfg = Debug|Any CPU
		{B8E93939-D506-434C-9D34-455ABFFBD27F}.Debug|Any CPU.Build.0 = Debug|Any CPU
		{B8E93939-D506-434C-9D34-455ABFFBD27F}.Release|Any CPU.ActiveCfg = Release|Any CPU
		{B8E93939-D506-434C-9D34-455ABFFBD27F}.Release|Any CPU.Build.0 = Release|Any CPU
		{7A1C7707-818F-414D-933B-3A03E5791642}.Debug|Any CPU.ActiveCfg = Debug|Any CPU
		{7A1C7707-818F-414D-933B-3A03E5791642}.Debug|Any CPU.Build.0 = Debug|Any CPU
		{7A1C7707-818F-414D-933B-3A03E5791642}.Release|Any CPU.ActiveCfg = Release|Any CPU
		{7A1C7707-818F-414D-933B-3A03E5791642}.Release|Any CPU.Build.0 = Release|Any CPU
		{366EDAEF-3C2D-441C-A93F-7D1F72956ACC}.Debug|Any CPU.ActiveCfg = Debug|Any CPU
		{366EDAEF-3C2D-441C-A93F-7D1F72956ACC}.Debug|Any CPU.Build.0 = Debug|Any CPU
		{366EDAEF-3C2D-441C-A93F-7D1F72956ACC}.Release|Any CPU.ActiveCfg = Release|Any CPU
		{366EDAEF-3C2D-441C-A93F-7D1F72956ACC}.Release|Any CPU.Build.0 = Release|Any CPU
		{D7FDB408-D2A8-4B62-99D1-14AFB678E941}.Debug|Any CPU.ActiveCfg = Debug|Any CPU
		{D7FDB408-D2A8-4B62-99D1-14AFB678E941}.Debug|Any CPU.Build.0 = Debug|Any CPU
		{D7FDB408-D2A8-4B62-99D1-14AFB678E941}.Release|Any CPU.ActiveCfg = Release|Any CPU
		{D7FDB408-D2A8-4B62-99D1-14AFB678E941}.Release|Any CPU.Build.0 = Release|Any CPU
		{D55125A1-C2F5-A3E3-5D69-49C987F4A323}.Debug|Any CPU.ActiveCfg = Debug|Any CPU
		{D55125A1-C2F5-A3E3-5D69-49C987F4A323}.Debug|Any CPU.Build.0 = Debug|Any CPU
		{D55125A1-C2F5-A3E3-5D69-49C987F4A323}.Release|Any CPU.ActiveCfg = Release|Any CPU
		{D55125A1-C2F5-A3E3-5D69-49C987F4A323}.Release|Any CPU.Build.0 = Release|Any CPU
		{C92A3EEB-1191-33BE-9828-95CE433EF636}.Debug|Any CPU.ActiveCfg = Debug|Any CPU
		{C92A3EEB-1191-33BE-9828-95CE433EF636}.Debug|Any CPU.Build.0 = Debug|Any CPU
		{C92A3EEB-1191-33BE-9828-95CE433EF636}.Release|Any CPU.ActiveCfg = Release|Any CPU
		{C92A3EEB-1191-33BE-9828-95CE433EF636}.Release|Any CPU.Build.0 = Release|Any CPU
		{76151D08-7EC9-7C2A-95BE-F0A2DFA28E8E}.Debug|Any CPU.ActiveCfg = Debug|Any CPU
		{76151D08-7EC9-7C2A-95BE-F0A2DFA28E8E}.Debug|Any CPU.Build.0 = Debug|Any CPU
		{76151D08-7EC9-7C2A-95BE-F0A2DFA28E8E}.Release|Any CPU.ActiveCfg = Release|Any CPU
		{76151D08-7EC9-7C2A-95BE-F0A2DFA28E8E}.Release|Any CPU.Build.0 = Release|Any CPU
		{95022E36-CA1E-AB98-9282-498A65F105AD}.Debug|Any CPU.ActiveCfg = Debug|Any CPU
		{95022E36-CA1E-AB98-9282-498A65F105AD}.Debug|Any CPU.Build.0 = Debug|Any CPU
		{95022E36-CA1E-AB98-9282-498A65F105AD}.Release|Any CPU.ActiveCfg = Release|Any CPU
		{95022E36-CA1E-AB98-9282-498A65F105AD}.Release|Any CPU.Build.0 = Release|Any CPU
		{B55AFDCC-1EC6-408D-EBD4-7D44ED6F1D78}.Debug|Any CPU.ActiveCfg = Debug|Any CPU
		{B55AFDCC-1EC6-408D-EBD4-7D44ED6F1D78}.Debug|Any CPU.Build.0 = Debug|Any CPU
		{B55AFDCC-1EC6-408D-EBD4-7D44ED6F1D78}.Release|Any CPU.ActiveCfg = Release|Any CPU
		{B55AFDCC-1EC6-408D-EBD4-7D44ED6F1D78}.Release|Any CPU.Build.0 = Release|Any CPU
		{CE7B0AD7-ADB2-8875-9056-E3B4BCDE657F}.Debug|Any CPU.ActiveCfg = Debug|Any CPU
		{CE7B0AD7-ADB2-8875-9056-E3B4BCDE657F}.Debug|Any CPU.Build.0 = Debug|Any CPU
		{CE7B0AD7-ADB2-8875-9056-E3B4BCDE657F}.Release|Any CPU.ActiveCfg = Release|Any CPU
		{CE7B0AD7-ADB2-8875-9056-E3B4BCDE657F}.Release|Any CPU.Build.0 = Release|Any CPU
	EndGlobalSection
	GlobalSection(SolutionProperties) = preSolution
		HideSolutionNode = FALSE
	EndGlobalSection
	GlobalSection(NestedProjects) = preSolution
		{A343AA8F-0952-4679-B7A8-EFBB5D7685BA} = {02EA681E-C7D8-13C7-8484-4AC65E1B71E8}
		{76267179-AA2F-456B-B299-DAFB6196A857} = {02EA681E-C7D8-13C7-8484-4AC65E1B71E8}
		{886B78F6-A403-4605-8E8B-4758669CCA57} = {76267179-AA2F-456B-B299-DAFB6196A857}
		{B8E93939-D506-434C-9D34-455ABFFBD27F} = {76267179-AA2F-456B-B299-DAFB6196A857}
		{7A1C7707-818F-414D-933B-3A03E5791642} = {76267179-AA2F-456B-B299-DAFB6196A857}
		{366EDAEF-3C2D-441C-A93F-7D1F72956ACC} = {76267179-AA2F-456B-B299-DAFB6196A857}
		{D7FDB408-D2A8-4B62-99D1-14AFB678E941} = {76267179-AA2F-456B-B299-DAFB6196A857}
		{D55125A1-C2F5-A3E3-5D69-49C987F4A323} = {A343AA8F-0952-4679-B7A8-EFBB5D7685BA}
		{C92A3EEB-1191-33BE-9828-95CE433EF636} = {A343AA8F-0952-4679-B7A8-EFBB5D7685BA}
		{76151D08-7EC9-7C2A-95BE-F0A2DFA28E8E} = {A343AA8F-0952-4679-B7A8-EFBB5D7685BA}
		{95022E36-CA1E-AB98-9282-498A65F105AD} = {A343AA8F-0952-4679-B7A8-EFBB5D7685BA}
		{B55AFDCC-1EC6-408D-EBD4-7D44ED6F1D78} = {A343AA8F-0952-4679-B7A8-EFBB5D7685BA}
		{CE7B0AD7-ADB2-8875-9056-E3B4BCDE657F} = {A343AA8F-0952-4679-B7A8-EFBB5D7685BA}
	EndGlobalSection
	GlobalSection(ExtensibilityGlobals) = postSolution
		SolutionGuid = {90A1093B-CF1B-48C9-98A8-A5E02C086B56}
	EndGlobalSection
EndGlobal
